
Microsoft Visual Studio Solution File, Format Version 12.00
# Visual Studio Version 17
VisualStudioVersion = 17.13.35931.197 d17.13
MinimumVisualStudioVersion = 10.0.40219.1
Project("{FAE04EC0-301F-11D3-BF4B-00C04F79EFBC}") = "startLearningC#", "startLearningC#\startLearningC#.csproj", "{4399715E-846C-46BB-97B0-86620370D188}"
EndProject
Global
	GlobalSection(SolutionConfigurationPlatforms) = preSolution
		Debug|Any CPU = Debug|Any CPU
		Release|Any CPU = Release|Any CPU
	EndGlobalSection
	GlobalSection(ProjectConfigurationPlatforms) = postSolution
		{4399715E-846C-46BB-97B0-86620370D188}.Debug|Any CPU.ActiveCfg = Debug|Any CPU
		{4399715E-846C-46BB-97B0-86620370D188}.Debug|Any CPU.Build.0 = Debug|Any CPU
		{4399715E-846C-46BB-97B0-86620370D188}.Release|Any CPU.ActiveCfg = Release|Any CPU
		{4399715E-846C-46BB-97B0-86620370D188}.Release|Any CPU.Build.0 = Release|Any CPU
	EndGlobalSection
	GlobalSection(SolutionProperties) = preSolution
		HideSolutionNode = FALSE
	EndGlobalSection
	GlobalSection(ExtensibilityGlobals) = postSolution
		SolutionGuid = {3E9189BC-87FE-4B79-B12F-A96D931E35A3}
	EndGlobalSection
EndGlobal
